
Microsoft Visual Studio Solution File, Format Version 12.00
# Visual Studio Version 16
VisualStudioVersion = 16.0.30413.136
MinimumVisualStudioVersion = 10.0.40219.1
Project("{9A19103F-16F7-4668-BE54-9A1E7A4F7556}") = "Dapper.Sharding", "Dapper.Sharding\Dapper.Sharding.csproj", "{D5DB7731-83A5-42B9-BD46-FCAB75E71692}"
EndProject
Project("{FAE04EC0-301F-11D3-BF4B-00C04F79EFBC}") = "Test", "Test\Test.csproj", "{B731ED52-E47A-48E9-82AA-93563BC2FC74}"
EndProject
Project("{FAE04EC0-301F-11D3-BF4B-00C04F79EFBC}") = "Test2", "Test2\Test2.csproj", "{736D2709-EE58-4701-9D85-50E55D3BB515}"
EndProject
Global
	GlobalSection(SolutionConfigurationPlatforms) = preSolution
		Debug|Any CPU = Debug|Any CPU
		Release|Any CPU = Release|Any CPU
	EndGlobalSection
	GlobalSection(ProjectConfigurationPlatforms) = postSolution
		{D5DB7731-83A5-42B9-BD46-FCAB75E71692}.Debug|Any CPU.ActiveCfg = Debug|Any CPU
		{D5DB7731-83A5-42B9-BD46-FCAB75E71692}.Debug|Any CPU.Build.0 = Debug|Any CPU
		{D5DB7731-83A5-42B9-BD46-FCAB75E71692}.Release|Any CPU.ActiveCfg = Release|Any CPU
		{D5DB7731-83A5-42B9-BD46-FCAB75E71692}.Release|Any CPU.Build.0 = Release|Any CPU
		{B731ED52-E47A-48E9-82AA-93563BC2FC74}.Debug|Any CPU.ActiveCfg = Debug|Any CPU
		{B731ED52-E47A-48E9-82AA-93563BC2FC74}.Debug|Any CPU.Build.0 = Debug|Any CPU
		{B731ED52-E47A-48E9-82AA-93563BC2FC74}.Release|Any CPU.ActiveCfg = Release|Any CPU
		{B731ED52-E47A-48E9-82AA-93563BC2FC74}.Release|Any CPU.Build.0 = Release|Any CPU
		{736D2709-EE58-4701-9D85-50E55D3BB515}.Debug|Any CPU.ActiveCfg = Debug|Any CPU
		{736D2709-EE58-4701-9D85-50E55D3BB515}.Debug|Any CPU.Build.0 = Debug|Any CPU
		{736D2709-EE58-4701-9D85-50E55D3BB515}.Release|Any CPU.ActiveCfg = Release|Any CPU
		{736D2709-EE58-4701-9D85-50E55D3BB515}.Release|Any CPU.Build.0 = Release|Any CPU
	EndGlobalSection
	GlobalSection(SolutionProperties) = preSolution
		HideSolutionNode = FALSE
	EndGlobalSection
	GlobalSection(ExtensibilityGlobals) = postSolution
		SolutionGuid = {310154CE-F604-4FE8-A605-39862F4A0CCD}
	EndGlobalSection
EndGlobal
