
Microsoft Visual Studio Solution File, Format Version 12.00
# Visual Studio Version 16
VisualStudioVersion = 16.0.30413.136
MinimumVisualStudioVersion = 10.0.40219.1
Project("{9A19103F-16F7-4668-BE54-9A1E7A4F7556}") = "Dapper.Sharding", "Dapper.Sharding\Dapper.Sharding.csproj", "{D5DB7731-83A5-42B9-BD46-FCAB75E71692}"
EndProject
Project("{9A19103F-16F7-4668-BE54-9A1E7A4F7556}") = "Test", "Test\Test.csproj", "{A5A26E95-7A04-404C-92AA-1138AEF9BC58}"
EndProject
Global
	GlobalSection(SolutionConfigurationPlatforms) = preSolution
		Debug|Any CPU = Debug|Any CPU
		Release|Any CPU = Release|Any CPU
	EndGlobalSection
	GlobalSection(ProjectConfigurationPlatforms) = postSolution
		{D5DB7731-83A5-42B9-BD46-FCAB75E71692}.Debug|Any CPU.ActiveCfg = Debug|Any CPU
		{D5DB7731-83A5-42B9-BD46-FCAB75E71692}.Debug|Any CPU.Build.0 = Debug|Any CPU
		{D5DB7731-83A5-42B9-BD46-FCAB75E71692}.Release|Any CPU.ActiveCfg = Release|Any CPU
		{D5DB7731-83A5-42B9-BD46-FCAB75E71692}.Release|Any CPU.Build.0 = Release|Any CPU
		{A5A26E95-7A04-404C-92AA-1138AEF9BC58}.Debug|Any CPU.ActiveCfg = Debug|Any CPU
		{A5A26E95-7A04-404C-92AA-1138AEF9BC58}.Debug|Any CPU.Build.0 = Debug|Any CPU
		{A5A26E95-7A04-404C-92AA-1138AEF9BC58}.Release|Any CPU.ActiveCfg = Release|Any CPU
		{A5A26E95-7A04-404C-92AA-1138AEF9BC58}.Release|Any CPU.Build.0 = Release|Any CPU
	EndGlobalSection
	GlobalSection(SolutionProperties) = preSolution
		HideSolutionNode = FALSE
	EndGlobalSection
	GlobalSection(ExtensibilityGlobals) = postSolution
		SolutionGuid = {310154CE-F604-4FE8-A605-39862F4A0CCD}
	EndGlobalSection
EndGlobal
