
Microsoft Visual Studio Solution File, Format Version 12.00
# Visual Studio Version 16
VisualStudioVersion = 16.0.30413.136
MinimumVisualStudioVersion = 10.0.40219.1
Project("{9A19103F-16F7-4668-BE54-9A1E7A4F7556}") = "Dapper.Sharding", "Dapper.Sharding\Dapper.Sharding.csproj", "{D5DB7731-83A5-42B9-BD46-FCAB75E71692}"
EndProject
Project("{FAE04EC0-301F-11D3-BF4B-00C04F79EFBC}") = "Test", "Test\Test.csproj", "{C099190E-14F2-43F5-B37F-30C138BA144C}"
EndProject
Project("{9A19103F-16F7-4668-BE54-9A1E7A4F7556}") = "Test2", "Test2\Test2.csproj", "{58C69899-1A95-4A1A-A08B-04948797A41B}"
EndProject
Project("{FAE04EC0-301F-11D3-BF4B-00C04F79EFBC}") = "Test3", "Test3\Test3.csproj", "{CE38A359-9412-48E6-9B9A-B4B0731860DD}"
EndProject
Global
	GlobalSection(SolutionConfigurationPlatforms) = preSolution
		Debug|Any CPU = Debug|Any CPU
		Release|Any CPU = Release|Any CPU
	EndGlobalSection
	GlobalSection(ProjectConfigurationPlatforms) = postSolution
		{D5DB7731-83A5-42B9-BD46-FCAB75E71692}.Debug|Any CPU.ActiveCfg = Debug|Any CPU
		{D5DB7731-83A5-42B9-BD46-FCAB75E71692}.Debug|Any CPU.Build.0 = Debug|Any CPU
		{D5DB7731-83A5-42B9-BD46-FCAB75E71692}.Release|Any CPU.ActiveCfg = Release|Any CPU
		{D5DB7731-83A5-42B9-BD46-FCAB75E71692}.Release|Any CPU.Build.0 = Release|Any CPU
		{C099190E-14F2-43F5-B37F-30C138BA144C}.Debug|Any CPU.ActiveCfg = Debug|Any CPU
		{C099190E-14F2-43F5-B37F-30C138BA144C}.Debug|Any CPU.Build.0 = Debug|Any CPU
		{C099190E-14F2-43F5-B37F-30C138BA144C}.Release|Any CPU.ActiveCfg = Release|Any CPU
		{C099190E-14F2-43F5-B37F-30C138BA144C}.Release|Any CPU.Build.0 = Release|Any CPU
		{58C69899-1A95-4A1A-A08B-04948797A41B}.Debug|Any CPU.ActiveCfg = Debug|Any CPU
		{58C69899-1A95-4A1A-A08B-04948797A41B}.Debug|Any CPU.Build.0 = Debug|Any CPU
		{58C69899-1A95-4A1A-A08B-04948797A41B}.Release|Any CPU.ActiveCfg = Release|Any CPU
		{58C69899-1A95-4A1A-A08B-04948797A41B}.Release|Any CPU.Build.0 = Release|Any CPU
		{CE38A359-9412-48E6-9B9A-B4B0731860DD}.Debug|Any CPU.ActiveCfg = Debug|Any CPU
		{CE38A359-9412-48E6-9B9A-B4B0731860DD}.Debug|Any CPU.Build.0 = Debug|Any CPU
		{CE38A359-9412-48E6-9B9A-B4B0731860DD}.Release|Any CPU.ActiveCfg = Release|Any CPU
		{CE38A359-9412-48E6-9B9A-B4B0731860DD}.Release|Any CPU.Build.0 = Release|Any CPU
	EndGlobalSection
	GlobalSection(SolutionProperties) = preSolution
		HideSolutionNode = FALSE
	EndGlobalSection
	GlobalSection(ExtensibilityGlobals) = postSolution
		SolutionGuid = {310154CE-F604-4FE8-A605-39862F4A0CCD}
	EndGlobalSection
EndGlobal
